
Microsoft Visual Studio Solution File, Format Version 12.00
# Visual Studio Version 17
VisualStudioVersion = 17.0.32112.339
MinimumVisualStudioVersion = 10.0.40219.1
Project("{FAE04EC0-301F-11D3-BF4B-00C04F79EFBC}") = "AI_HW2", "AI_HW2.csproj", "{BB1AFEC2-9388-43C5-9A3B-1D0EFDBC1F69}"
EndProject
Global
	GlobalSection(SolutionConfigurationPlatforms) = preSolution
		Debug|Any CPU = Debug|Any CPU
		Release|Any CPU = Release|Any CPU
	EndGlobalSection
	GlobalSection(ProjectConfigurationPlatforms) = postSolution
		{BB1AFEC2-9388-43C5-9A3B-1D0EFDBC1F69}.Debug|Any CPU.ActiveCfg = Debug|Any CPU
		{BB1AFEC2-9388-43C5-9A3B-1D0EFDBC1F69}.Debug|Any CPU.Build.0 = Debug|Any CPU
		{BB1AFEC2-9388-43C5-9A3B-1D0EFDBC1F69}.Release|Any CPU.ActiveCfg = Release|Any CPU
		{BB1AFEC2-9388-43C5-9A3B-1D0EFDBC1F69}.Release|Any CPU.Build.0 = Release|Any CPU
	EndGlobalSection
	GlobalSection(SolutionProperties) = preSolution
		HideSolutionNode = FALSE
	EndGlobalSection
	GlobalSection(ExtensibilityGlobals) = postSolution
		SolutionGuid = {A15A2632-04AC-453B-ACAD-0E640AB948D6}
	EndGlobalSection
EndGlobal
